
Microsoft Visual Studio Solution File, Format Version 12.00
# Visual Studio Version 16
VisualStudioVersion = 16.0.31005.135
MinimumVisualStudioVersion = 10.0.40219.1
Project("{9A19103F-16F7-4668-BE54-9A1E7A4F7556}") = "PracteceService", "PracteceService\PracteceService.csproj", "{2E184AEA-1850-4F65-A67A-65129A2F070F}"
EndProject
Project("{9A19103F-16F7-4668-BE54-9A1E7A4F7556}") = "PracteceServicePackage", "PracteceServicePackage\PracteceServicePackage.csproj", "{7A3CC4EE-BC2E-41CD-A586-AA7F2D20564D}"
EndProject
Project("{9A19103F-16F7-4668-BE54-9A1E7A4F7556}") = "PracteceService.Test", "PracteceService.Test\PracteceService.Test.csproj", "{6B572CC6-E35C-499E-A045-DB327F426E39}"
EndProject
Global
	GlobalSection(SolutionConfigurationPlatforms) = preSolution
		Debug|Any CPU = Debug|Any CPU
		Release|Any CPU = Release|Any CPU
	EndGlobalSection
	GlobalSection(ProjectConfigurationPlatforms) = postSolution
		{2E184AEA-1850-4F65-A67A-65129A2F070F}.Debug|Any CPU.ActiveCfg = Debug|Any CPU
		{2E184AEA-1850-4F65-A67A-65129A2F070F}.Debug|Any CPU.Build.0 = Debug|Any CPU
		{2E184AEA-1850-4F65-A67A-65129A2F070F}.Release|Any CPU.ActiveCfg = Release|Any CPU
		{2E184AEA-1850-4F65-A67A-65129A2F070F}.Release|Any CPU.Build.0 = Release|Any CPU
		{7A3CC4EE-BC2E-41CD-A586-AA7F2D20564D}.Debug|Any CPU.ActiveCfg = Debug|Any CPU
		{7A3CC4EE-BC2E-41CD-A586-AA7F2D20564D}.Debug|Any CPU.Build.0 = Debug|Any CPU
		{7A3CC4EE-BC2E-41CD-A586-AA7F2D20564D}.Release|Any CPU.ActiveCfg = Release|Any CPU
		{7A3CC4EE-BC2E-41CD-A586-AA7F2D20564D}.Release|Any CPU.Build.0 = Release|Any CPU
		{6B572CC6-E35C-499E-A045-DB327F426E39}.Debug|Any CPU.ActiveCfg = Debug|Any CPU
		{6B572CC6-E35C-499E-A045-DB327F426E39}.Debug|Any CPU.Build.0 = Debug|Any CPU
		{6B572CC6-E35C-499E-A045-DB327F426E39}.Release|Any CPU.ActiveCfg = Release|Any CPU
		{6B572CC6-E35C-499E-A045-DB327F426E39}.Release|Any CPU.Build.0 = Release|Any CPU
	EndGlobalSection
	GlobalSection(SolutionProperties) = preSolution
		HideSolutionNode = FALSE
	EndGlobalSection
	GlobalSection(ExtensibilityGlobals) = postSolution
		SolutionGuid = {C354AE00-4854-462A-97B9-D4950C31356E}
	EndGlobalSection
EndGlobal
